
Microsoft Visual Studio Solution File, Format Version 12.00
# Visual Studio Version 16
VisualStudioVersion = 16.0.31911.196
MinimumVisualStudioVersion = 10.0.40219.1
Project("{8BC9CEB8-8B4A-11D0-8D11-00A0C91BC942}") = "19127644_Lab02", "19127644_Lab02\19127644_Lab02.vcxproj", "{DF50FA90-06EB-4247-92D2-B078A5D27024}"
EndProject
Global
	GlobalSection(SolutionConfigurationPlatforms) = preSolution
		Debug|x64 = Debug|x64
		Debug|x86 = Debug|x86
		Release|x64 = Release|x64
		Release|x86 = Release|x86
	EndGlobalSection
	GlobalSection(ProjectConfigurationPlatforms) = postSolution
		{DF50FA90-06EB-4247-92D2-B078A5D27024}.Debug|x64.ActiveCfg = Debug|x64
		{DF50FA90-06EB-4247-92D2-B078A5D27024}.Debug|x64.Build.0 = Debug|x64
		{DF50FA90-06EB-4247-92D2-B078A5D27024}.Debug|x86.ActiveCfg = Debug|Win32
		{DF50FA90-06EB-4247-92D2-B078A5D27024}.Debug|x86.Build.0 = Debug|Win32
		{DF50FA90-06EB-4247-92D2-B078A5D27024}.Release|x64.ActiveCfg = Release|x64
		{DF50FA90-06EB-4247-92D2-B078A5D27024}.Release|x64.Build.0 = Release|x64
		{DF50FA90-06EB-4247-92D2-B078A5D27024}.Release|x86.ActiveCfg = Release|Win32
		{DF50FA90-06EB-4247-92D2-B078A5D27024}.Release|x86.Build.0 = Release|Win32
	EndGlobalSection
	GlobalSection(SolutionProperties) = preSolution
		HideSolutionNode = FALSE
	EndGlobalSection
	GlobalSection(ExtensibilityGlobals) = postSolution
		SolutionGuid = {766F71B5-D980-42A9-8CA2-7900B49681E5}
	EndGlobalSection
EndGlobal
